// !$*UTF8*$!
{
	archiveVersion = 1;
	classes = {
	};
	objectVersion = 56;
	objects = {

/* Begin PBXBuildFile section */
		307636B129C570DA00239DB0 /* ImpressViewWithAdapterLayout.swift in Sources */ = {isa = PBXBuildFile; fileRef = 307636B029C570DA00239DB0 /* ImpressViewWithAdapterLayout.swift */; };
		307F595F29CB4BAE00016F43 /* RestaurantListView.swift in Sources */ = {isa = PBXBuildFile; fileRef = 307F595E29CB4BAE00016F43 /* RestaurantListView.swift */; };
		309BEB9229B9AC46005C34E7 /* SwiftUIPlaygroundApp.swift in Sources */ = {isa = PBXBuildFile; fileRef = 309BEB9129B9AC46005C34E7 /* SwiftUIPlaygroundApp.swift */; };
		309BEB9429B9AC46005C34E7 /* GuessMovieView.swift in Sources */ = {isa = PBXBuildFile; fileRef = 309BEB9329B9AC46005C34E7 /* GuessMovieView.swift */; };
		309BEB9629B9AC4A005C34E7 /* Assets.xcassets in Resources */ = {isa = PBXBuildFile; fileRef = 309BEB9529B9AC4A005C34E7 /* Assets.xcassets */; };
		309BEB9929B9AC4A005C34E7 /* Preview Assets.xcassets in Resources */ = {isa = PBXBuildFile; fileRef = 309BEB9829B9AC4A005C34E7 /* Preview Assets.xcassets */; };
		309BEBA329B9AC4B005C34E7 /* SwiftUIPlaygroundTests.swift in Sources */ = {isa = PBXBuildFile; fileRef = 309BEBA229B9AC4B005C34E7 /* SwiftUIPlaygroundTests.swift */; };
		309BEBAD29B9AC4B005C34E7 /* SwiftUIPlaygroundUITests.swift in Sources */ = {isa = PBXBuildFile; fileRef = 309BEBAC29B9AC4B005C34E7 /* SwiftUIPlaygroundUITests.swift */; };
		309BEBAF29B9AC4B005C34E7 /* SwiftUIPlaygroundUITestsLaunchTests.swift in Sources */ = {isa = PBXBuildFile; fileRef = 309BEBAE29B9AC4B005C34E7 /* SwiftUIPlaygroundUITestsLaunchTests.swift */; };
		30BE8CA429C8A90F00289E25 /* SampleListView.swift in Sources */ = {isa = PBXBuildFile; fileRef = 30BE8CA329C8A90F00289E25 /* SampleListView.swift */; };
		871D0CC52A0BE14C00352159 /* ReviewView.swift in Sources */ = {isa = PBXBuildFile; fileRef = 871D0CC42A0BE14C00352159 /* ReviewView.swift */; };
		872C356B2A26536F00CAF386 /* RestaurantFormViewModel.swift in Sources */ = {isa = PBXBuildFile; fileRef = 872C356A2A26536F00CAF386 /* RestaurantFormViewModel.swift */; };
		873455BA2A24FCEF00618042 /* PersistenceController.swift in Sources */ = {isa = PBXBuildFile; fileRef = 873455B92A24FCEF00618042 /* PersistenceController.swift */; };
		873455C12A250DE600618042 /* FoodPin.xcdatamodeld in Sources */ = {isa = PBXBuildFile; fileRef = 873455BF2A250DE600618042 /* FoodPin.xcdatamodeld */; };
		873455C22A25111100618042 /* PersistenceController.swift in Sources */ = {isa = PBXBuildFile; fileRef = 873455B92A24FCEF00618042 /* PersistenceController.swift */; };
		873455C32A25111200618042 /* PersistenceController.swift in Sources */ = {isa = PBXBuildFile; fileRef = 873455B92A24FCEF00618042 /* PersistenceController.swift */; };
		87505ACA2A2F647200960A40 /* AboutView.swift in Sources */ = {isa = PBXBuildFile; fileRef = 87505AC92A2F647200960A40 /* AboutView.swift */; };
		87505ACD2A2F68D500960A40 /* WeblLink.swift in Sources */ = {isa = PBXBuildFile; fileRef = 87505ACC2A2F68D500960A40 /* WeblLink.swift */; };
		87505ACF2A2F8AEA00960A40 /* WebView.swift in Sources */ = {isa = PBXBuildFile; fileRef = 87505ACE2A2F8AEA00960A40 /* WebView.swift */; };
		87505AD22A2F8DA300960A40 /* SafariView.swift in Sources */ = {isa = PBXBuildFile; fileRef = 87505AD12A2F8DA300960A40 /* SafariView.swift */; };
		8759980929E15DF9002949FB /* ActivityView.swift in Sources */ = {isa = PBXBuildFile; fileRef = 8759980829E15DF9002949FB /* ActivityView.swift */; };
		875AF0B829FF52370056021D /* UIColorExt.swift in Sources */ = {isa = PBXBuildFile; fileRef = 875AF0B729FF52370056021D /* UIColorExt.swift */; };
		876702C22A015773004D8208 /* MapView.swift in Sources */ = {isa = PBXBuildFile; fileRef = 876702C12A015773004D8208 /* MapView.swift */; };
		876702C42A01620C004D8208 /* AnnotatedItem.swift in Sources */ = {isa = PBXBuildFile; fileRef = 876702C32A01620C004D8208 /* AnnotatedItem.swift */; };
		876A74B029E5ABE200A46C8C /* RestaurantDetailView.swift in Sources */ = {isa = PBXBuildFile; fileRef = 876A74AF29E5ABE200A46C8C /* RestaurantDetailView.swift */; };
		878328852A2B12D500F124DB /* MainView.swift in Sources */ = {isa = PBXBuildFile; fileRef = 878328842A2B12D500F124DB /* MainView.swift */; };
		878328932A2B21A400F124DB /* TutorialView.swift in Sources */ = {isa = PBXBuildFile; fileRef = 878328922A2B21A400F124DB /* TutorialView.swift */; };
		878328962A2B21DA00F124DB /* TutorialPage.swift in Sources */ = {isa = PBXBuildFile; fileRef = 878328952A2B21DA00F124DB /* TutorialPage.swift */; };
		8796AD3C29D559C6008DF94F /* Restaurant.swift in Sources */ = {isa = PBXBuildFile; fileRef = 8796AD3B29D559C6008DF94F /* Restaurant.swift */; };
		87B02EEE2A5475AA0090F901 /* Localizable.strings in Resources */ = {isa = PBXBuildFile; fileRef = 87B02EEC2A5475AA0090F901 /* Localizable.strings */; };
		87D945572A151BDE00994186 /* NewRestaurantView.swift in Sources */ = {isa = PBXBuildFile; fileRef = 87D945562A151BDE00994186 /* NewRestaurantView.swift */; };
		87D945592A15224500994186 /* FormTextField.swift in Sources */ = {isa = PBXBuildFile; fileRef = 87D945582A15224500994186 /* FormTextField.swift */; };
		87D9455B2A152A2C00994186 /* PhotoSource.swift in Sources */ = {isa = PBXBuildFile; fileRef = 87D9455A2A152A2C00994186 /* PhotoSource.swift */; };
		87D9455E2A152CCE00994186 /* ImagePicker.swift in Sources */ = {isa = PBXBuildFile; fileRef = 87D9455D2A152CCE00994186 /* ImagePicker.swift */; };
		87FDA12929F833460016FB83 /* Nunito-Bold.ttf in Resources */ = {isa = PBXBuildFile; fileRef = 87FDA12729F833460016FB83 /* Nunito-Bold.ttf */; };
		87FDA12A29F833460016FB83 /* Nunito-Regular.ttf in Resources */ = {isa = PBXBuildFile; fileRef = 87FDA12829F833460016FB83 /* Nunito-Regular.ttf */; };
/* End PBXBuildFile section */

/* Begin PBXContainerItemProxy section */
		309BEB9F29B9AC4B005C34E7 /* PBXContainerItemProxy */ = {
			isa = PBXContainerItemProxy;
			containerPortal = 309BEB8629B9AC46005C34E7 /* Project object */;
			proxyType = 1;
			remoteGlobalIDString = 309BEB8D29B9AC46005C34E7;
			remoteInfo = SwiftUIPlayground;
		};
		309BEBA929B9AC4B005C34E7 /* PBXContainerItemProxy */ = {
			isa = PBXContainerItemProxy;
			containerPortal = 309BEB8629B9AC46005C34E7 /* Project object */;
			proxyType = 1;
			remoteGlobalIDString = 309BEB8D29B9AC46005C34E7;
			remoteInfo = SwiftUIPlayground;
		};
/* End PBXContainerItemProxy section */

/* Begin PBXFileReference section */
		307636B029C570DA00239DB0 /* ImpressViewWithAdapterLayout.swift */ = {isa = PBXFileReference; lastKnownFileType = sourcecode.swift; path = ImpressViewWithAdapterLayout.swift; sourceTree = "<group>"; };
		307F595E29CB4BAE00016F43 /* RestaurantListView.swift */ = {isa = PBXFileReference; lastKnownFileType = sourcecode.swift; path = RestaurantListView.swift; sourceTree = "<group>"; };
		309BEB8E29B9AC46005C34E7 /* SwiftUIPlayground.app */ = {isa = PBXFileReference; explicitFileType = wrapper.application; includeInIndex = 0; path = SwiftUIPlayground.app; sourceTree = BUILT_PRODUCTS_DIR; };
		309BEB9129B9AC46005C34E7 /* SwiftUIPlaygroundApp.swift */ = {isa = PBXFileReference; lastKnownFileType = sourcecode.swift; path = SwiftUIPlaygroundApp.swift; sourceTree = "<group>"; };
		309BEB9329B9AC46005C34E7 /* GuessMovieView.swift */ = {isa = PBXFileReference; lastKnownFileType = sourcecode.swift; path = GuessMovieView.swift; sourceTree = "<group>"; };
		309BEB9529B9AC4A005C34E7 /* Assets.xcassets */ = {isa = PBXFileReference; lastKnownFileType = folder.assetcatalog; path = Assets.xcassets; sourceTree = "<group>"; };
		309BEB9829B9AC4A005C34E7 /* Preview Assets.xcassets */ = {isa = PBXFileReference; lastKnownFileType = folder.assetcatalog; path = "Preview Assets.xcassets"; sourceTree = "<group>"; };
		309BEB9E29B9AC4B005C34E7 /* SwiftUIPlaygroundTests.xctest */ = {isa = PBXFileReference; explicitFileType = wrapper.cfbundle; includeInIndex = 0; path = SwiftUIPlaygroundTests.xctest; sourceTree = BUILT_PRODUCTS_DIR; };
		309BEBA229B9AC4B005C34E7 /* SwiftUIPlaygroundTests.swift */ = {isa = PBXFileReference; lastKnownFileType = sourcecode.swift; path = SwiftUIPlaygroundTests.swift; sourceTree = "<group>"; };
		309BEBA829B9AC4B005C34E7 /* SwiftUIPlaygroundUITests.xctest */ = {isa = PBXFileReference; explicitFileType = wrapper.cfbundle; includeInIndex = 0; path = SwiftUIPlaygroundUITests.xctest; sourceTree = BUILT_PRODUCTS_DIR; };
		309BEBAC29B9AC4B005C34E7 /* SwiftUIPlaygroundUITests.swift */ = {isa = PBXFileReference; lastKnownFileType = sourcecode.swift; path = SwiftUIPlaygroundUITests.swift; sourceTree = "<group>"; };
		309BEBAE29B9AC4B005C34E7 /* SwiftUIPlaygroundUITestsLaunchTests.swift */ = {isa = PBXFileReference; lastKnownFileType = sourcecode.swift; path = SwiftUIPlaygroundUITestsLaunchTests.swift; sourceTree = "<group>"; };
		30BE8CA329C8A90F00289E25 /* SampleListView.swift */ = {isa = PBXFileReference; lastKnownFileType = sourcecode.swift; path = SampleListView.swift; sourceTree = "<group>"; };
		871D0CC42A0BE14C00352159 /* ReviewView.swift */ = {isa = PBXFileReference; lastKnownFileType = sourcecode.swift; path = ReviewView.swift; sourceTree = "<group>"; };
		872C356A2A26536F00CAF386 /* RestaurantFormViewModel.swift */ = {isa = PBXFileReference; lastKnownFileType = sourcecode.swift; path = RestaurantFormViewModel.swift; sourceTree = "<group>"; };
		873455B92A24FCEF00618042 /* PersistenceController.swift */ = {isa = PBXFileReference; lastKnownFileType = sourcecode.swift; path = PersistenceController.swift; sourceTree = "<group>"; };
		873455C02A250DE600618042 /* FoodPin.xcdatamodel */ = {isa = PBXFileReference; lastKnownFileType = wrapper.xcdatamodel; path = FoodPin.xcdatamodel; sourceTree = "<group>"; };
		87505AC92A2F647200960A40 /* AboutView.swift */ = {isa = PBXFileReference; lastKnownFileType = sourcecode.swift; path = AboutView.swift; sourceTree = "<group>"; };
		87505ACC2A2F68D500960A40 /* WeblLink.swift */ = {isa = PBXFileReference; lastKnownFileType = sourcecode.swift; path = WeblLink.swift; sourceTree = "<group>"; };
		87505ACE2A2F8AEA00960A40 /* WebView.swift */ = {isa = PBXFileReference; lastKnownFileType = sourcecode.swift; path = WebView.swift; sourceTree = "<group>"; };
		87505AD12A2F8DA300960A40 /* SafariView.swift */ = {isa = PBXFileReference; lastKnownFileType = sourcecode.swift; path = SafariView.swift; sourceTree = "<group>"; };
		8759980829E15DF9002949FB /* ActivityView.swift */ = {isa = PBXFileReference; lastKnownFileType = sourcecode.swift; path = ActivityView.swift; sourceTree = "<group>"; };
		875AF0B729FF52370056021D /* UIColorExt.swift */ = {isa = PBXFileReference; lastKnownFileType = sourcecode.swift; path = UIColorExt.swift; sourceTree = "<group>"; };
		876702C12A015773004D8208 /* MapView.swift */ = {isa = PBXFileReference; lastKnownFileType = sourcecode.swift; path = MapView.swift; sourceTree = "<group>"; };
		876702C32A01620C004D8208 /* AnnotatedItem.swift */ = {isa = PBXFileReference; lastKnownFileType = sourcecode.swift; path = AnnotatedItem.swift; sourceTree = "<group>"; };
		876A74AF29E5ABE200A46C8C /* RestaurantDetailView.swift */ = {isa = PBXFileReference; lastKnownFileType = sourcecode.swift; path = RestaurantDetailView.swift; sourceTree = "<group>"; };
		878328842A2B12D500F124DB /* MainView.swift */ = {isa = PBXFileReference; lastKnownFileType = sourcecode.swift; path = MainView.swift; sourceTree = "<group>"; };
		878328922A2B21A400F124DB /* TutorialView.swift */ = {isa = PBXFileReference; lastKnownFileType = sourcecode.swift; path = TutorialView.swift; sourceTree = "<group>"; };
		878328952A2B21DA00F124DB /* TutorialPage.swift */ = {isa = PBXFileReference; lastKnownFileType = sourcecode.swift; path = TutorialPage.swift; sourceTree = "<group>"; };
		8796AD3B29D559C6008DF94F /* Restaurant.swift */ = {isa = PBXFileReference; lastKnownFileType = sourcecode.swift; path = Restaurant.swift; sourceTree = "<group>"; };
		87B02EED2A5475AA0090F901 /* zh-Hant */ = {isa = PBXFileReference; lastKnownFileType = text.plist.strings; name = "zh-Hant"; path = "zh-Hant.lproj/Localizable.strings"; sourceTree = "<group>"; };
		87D945562A151BDE00994186 /* NewRestaurantView.swift */ = {isa = PBXFileReference; lastKnownFileType = sourcecode.swift; path = NewRestaurantView.swift; sourceTree = "<group>"; };
		87D945582A15224500994186 /* FormTextField.swift */ = {isa = PBXFileReference; lastKnownFileType = sourcecode.swift; path = FormTextField.swift; sourceTree = "<group>"; };
		87D9455A2A152A2C00994186 /* PhotoSource.swift */ = {isa = PBXFileReference; lastKnownFileType = sourcecode.swift; path = PhotoSource.swift; sourceTree = "<group>"; };
		87D9455D2A152CCE00994186 /* ImagePicker.swift */ = {isa = PBXFileReference; lastKnownFileType = sourcecode.swift; path = ImagePicker.swift; sourceTree = "<group>"; };
		87FDA12629F831820016FB83 /* Info.plist */ = {isa = PBXFileReference; lastKnownFileType = text.plist; path = Info.plist; sourceTree = "<group>"; };
		87FDA12729F833460016FB83 /* Nunito-Bold.ttf */ = {isa = PBXFileReference; lastKnownFileType = file; name = "Nunito-Bold.ttf"; path = "../Nunito-Bold.ttf"; sourceTree = "<group>"; };
		87FDA12829F833460016FB83 /* Nunito-Regular.ttf */ = {isa = PBXFileReference; lastKnownFileType = file; name = "Nunito-Regular.ttf"; path = "../Nunito-Regular.ttf"; sourceTree = "<group>"; };
/* End PBXFileReference section */

/* Begin PBXFrameworksBuildPhase section */
		309BEB8B29B9AC46005C34E7 /* Frameworks */ = {
			isa = PBXFrameworksBuildPhase;
			buildActionMask = 2147483647;
			files = (
			);
			runOnlyForDeploymentPostprocessing = 0;
		};
		309BEB9B29B9AC4B005C34E7 /* Frameworks */ = {
			isa = PBXFrameworksBuildPhase;
			buildActionMask = 2147483647;
			files = (
			);
			runOnlyForDeploymentPostprocessing = 0;
		};
		309BEBA529B9AC4B005C34E7 /* Frameworks */ = {
			isa = PBXFrameworksBuildPhase;
			buildActionMask = 2147483647;
			files = (
			);
			runOnlyForDeploymentPostprocessing = 0;
		};
/* End PBXFrameworksBuildPhase section */

/* Begin PBXGroup section */
		3009E26D29C0B9440068F7C9 /* TodoList */ = {
			isa = PBXGroup;
			children = (
				309BEB9329B9AC46005C34E7 /* GuessMovieView.swift */,
				307636B029C570DA00239DB0 /* ImpressViewWithAdapterLayout.swift */,
				30BE8CA329C8A90F00289E25 /* SampleListView.swift */,
			);
			path = TodoList;
			sourceTree = "<group>";
		};
		309BEB8529B9AC46005C34E7 = {
			isa = PBXGroup;
			children = (
				309BEB9029B9AC46005C34E7 /* SwiftUIPlayground */,
				309BEBA129B9AC4B005C34E7 /* SwiftUIPlaygroundTests */,
				309BEBAB29B9AC4B005C34E7 /* SwiftUIPlaygroundUITests */,
				309BEB8F29B9AC46005C34E7 /* Products */,
			);
			sourceTree = "<group>";
		};
		309BEB8F29B9AC46005C34E7 /* Products */ = {
			isa = PBXGroup;
			children = (
				309BEB8E29B9AC46005C34E7 /* SwiftUIPlayground.app */,
				309BEB9E29B9AC4B005C34E7 /* SwiftUIPlaygroundTests.xctest */,
				309BEBA829B9AC4B005C34E7 /* SwiftUIPlaygroundUITests.xctest */,
			);
			name = Products;
			sourceTree = "<group>";
		};
		309BEB9029B9AC46005C34E7 /* SwiftUIPlayground */ = {
			isa = PBXGroup;
			children = (
				875AF0B629FF52120056021D /* Extensions */,
				8712F77D29FCF57F007A4222 /* FoodPin */,
				87FDA12629F831820016FB83 /* Info.plist */,
				87B02EEC2A5475AA0090F901 /* Localizable.strings */,
				87FDA12229F82FE30016FB83 /* Resources */,
				309BEB9529B9AC4A005C34E7 /* Assets.xcassets */,
				309BEB9729B9AC4A005C34E7 /* Preview Content */,
			);
			path = SwiftUIPlayground;
			sourceTree = "<group>";
		};
		309BEB9729B9AC4A005C34E7 /* Preview Content */ = {
			isa = PBXGroup;
			children = (
				309BEB9829B9AC4A005C34E7 /* Preview Assets.xcassets */,
			);
			path = "Preview Content";
			sourceTree = "<group>";
		};
		309BEBA129B9AC4B005C34E7 /* SwiftUIPlaygroundTests */ = {
			isa = PBXGroup;
			children = (
				309BEBA229B9AC4B005C34E7 /* SwiftUIPlaygroundTests.swift */,
			);
			path = SwiftUIPlaygroundTests;
			sourceTree = "<group>";
		};
		309BEBAB29B9AC4B005C34E7 /* SwiftUIPlaygroundUITests */ = {
			isa = PBXGroup;
			children = (
				309BEBAC29B9AC4B005C34E7 /* SwiftUIPlaygroundUITests.swift */,
				309BEBAE29B9AC4B005C34E7 /* SwiftUIPlaygroundUITestsLaunchTests.swift */,
			);
			path = SwiftUIPlaygroundUITests;
			sourceTree = "<group>";
		};
		8712F77D29FCF57F007A4222 /* FoodPin */ = {
			isa = PBXGroup;
			children = (
				872C35692A26534000CAF386 /* viewmodel */,
				87D9455C2A152CB000994186 /* util */,
				3009E26D29C0B9440068F7C9 /* TodoList */,
				8796AD3A29D559A9008DF94F /* model */,
				8796AD3929D559A0008DF94F /* view */,
			);
			path = FoodPin;
			sourceTree = "<group>";
		};
		872C35692A26534000CAF386 /* viewmodel */ = {
			isa = PBXGroup;
			children = (
				872C356A2A26536F00CAF386 /* RestaurantFormViewModel.swift */,
			);
			path = viewmodel;
			sourceTree = "<group>";
		};
		873455BE2A25015900618042 /* db */ = {
			isa = PBXGroup;
			children = (
				873455BF2A250DE600618042 /* FoodPin.xcdatamodeld */,
				8796AD3B29D559C6008DF94F /* Restaurant.swift */,
			);
			path = db;
			sourceTree = "<group>";
		};
		87505AC82A2F642200960A40 /* about */ = {
			isa = PBXGroup;
			children = (
				87505ACB2A2F688400960A40 /* data */,
				87505AC92A2F647200960A40 /* AboutView.swift */,
			);
			path = about;
			sourceTree = "<group>";
		};
		87505ACB2A2F688400960A40 /* data */ = {
			isa = PBXGroup;
			children = (
				87505ACC2A2F68D500960A40 /* WeblLink.swift */,
			);
			path = data;
			sourceTree = "<group>";
		};
		87505AD02A2F8BDC00960A40 /* common */ = {
			isa = PBXGroup;
			children = (
				87505AD12A2F8DA300960A40 /* SafariView.swift */,
				87505ACE2A2F8AEA00960A40 /* WebView.swift */,
			);
			path = common;
			sourceTree = "<group>";
		};
		875AF0B629FF52120056021D /* Extensions */ = {
			isa = PBXGroup;
			children = (
				875AF0B729FF52370056021D /* UIColorExt.swift */,
			);
			path = Extensions;
			sourceTree = "<group>";
		};
		878328942A2B21CB00F124DB /* tutoral */ = {
			isa = PBXGroup;
			children = (
				878328922A2B21A400F124DB /* TutorialView.swift */,
				878328952A2B21DA00F124DB /* TutorialPage.swift */,
			);
			path = tutoral;
			sourceTree = "<group>";
		};
		8796AD3929D559A0008DF94F /* view */ = {
			isa = PBXGroup;
			children = (
				87505AD02A2F8BDC00960A40 /* common */,
				87505AC82A2F642200960A40 /* about */,
				878328942A2B21CB00F124DB /* tutoral */,
				309BEB9129B9AC46005C34E7 /* SwiftUIPlaygroundApp.swift */,
				307F595E29CB4BAE00016F43 /* RestaurantListView.swift */,
				8759980829E15DF9002949FB /* ActivityView.swift */,
				876A74AF29E5ABE200A46C8C /* RestaurantDetailView.swift */,
				876702C12A015773004D8208 /* MapView.swift */,
				871D0CC42A0BE14C00352159 /* ReviewView.swift */,
				87D945562A151BDE00994186 /* NewRestaurantView.swift */,
				87D945582A15224500994186 /* FormTextField.swift */,
				878328842A2B12D500F124DB /* MainView.swift */,
			);
			path = view;
			sourceTree = "<group>";
		};
		8796AD3A29D559A9008DF94F /* model */ = {
			isa = PBXGroup;
			children = (
				873455BE2A25015900618042 /* db */,
				876702C32A01620C004D8208 /* AnnotatedItem.swift */,
				87D9455A2A152A2C00994186 /* PhotoSource.swift */,
				873455B92A24FCEF00618042 /* PersistenceController.swift */,
			);
			path = model;
			sourceTree = "<group>";
		};
		87D9455C2A152CB000994186 /* util */ = {
			isa = PBXGroup;
			children = (
				87D9455D2A152CCE00994186 /* ImagePicker.swift */,
			);
			path = util;
			sourceTree = "<group>";
		};
		87FDA12229F82FE30016FB83 /* Resources */ = {
			isa = PBXGroup;
			children = (
				87FDA12329F830110016FB83 /* Fonts */,
			);
			path = Resources;
			sourceTree = "<group>";
		};
		87FDA12329F830110016FB83 /* Fonts */ = {
			isa = PBXGroup;
			children = (
				87FDA12729F833460016FB83 /* Nunito-Bold.ttf */,
				87FDA12829F833460016FB83 /* Nunito-Regular.ttf */,
			);
			path = Fonts;
			sourceTree = "<group>";
		};
/* End PBXGroup section */

/* Begin PBXNativeTarget section */
		309BEB8D29B9AC46005C34E7 /* SwiftUIPlayground */ = {
			isa = PBXNativeTarget;
			buildConfigurationList = 309BEBB229B9AC4B005C34E7 /* Build configuration list for PBXNativeTarget "SwiftUIPlayground" */;
			buildPhases = (
				309BEB8A29B9AC46005C34E7 /* Sources */,
				309BEB8B29B9AC46005C34E7 /* Frameworks */,
				309BEB8C29B9AC46005C34E7 /* Resources */,
			);
			buildRules = (
			);
			dependencies = (
			);
			name = SwiftUIPlayground;
			productName = SwiftUIPlayground;
			productReference = 309BEB8E29B9AC46005C34E7 /* SwiftUIPlayground.app */;
			productType = "com.apple.product-type.application";
		};
		309BEB9D29B9AC4B005C34E7 /* SwiftUIPlaygroundTests */ = {
			isa = PBXNativeTarget;
			buildConfigurationList = 309BEBB529B9AC4B005C34E7 /* Build configuration list for PBXNativeTarget "SwiftUIPlaygroundTests" */;
			buildPhases = (
				309BEB9A29B9AC4B005C34E7 /* Sources */,
				309BEB9B29B9AC4B005C34E7 /* Frameworks */,
				309BEB9C29B9AC4B005C34E7 /* Resources */,
			);
			buildRules = (
			);
			dependencies = (
				309BEBA029B9AC4B005C34E7 /* PBXTargetDependency */,
			);
			name = SwiftUIPlaygroundTests;
			productName = SwiftUIPlaygroundTests;
			productReference = 309BEB9E29B9AC4B005C34E7 /* SwiftUIPlaygroundTests.xctest */;
			productType = "com.apple.product-type.bundle.unit-test";
		};
		309BEBA729B9AC4B005C34E7 /* SwiftUIPlaygroundUITests */ = {
			isa = PBXNativeTarget;
			buildConfigurationList = 309BEBB829B9AC4B005C34E7 /* Build configuration list for PBXNativeTarget "SwiftUIPlaygroundUITests" */;
			buildPhases = (
				309BEBA429B9AC4B005C34E7 /* Sources */,
				309BEBA529B9AC4B005C34E7 /* Frameworks */,
				309BEBA629B9AC4B005C34E7 /* Resources */,
			);
			buildRules = (
			);
			dependencies = (
				309BEBAA29B9AC4B005C34E7 /* PBXTargetDependency */,
			);
			name = SwiftUIPlaygroundUITests;
			productName = SwiftUIPlaygroundUITests;
			productReference = 309BEBA829B9AC4B005C34E7 /* SwiftUIPlaygroundUITests.xctest */;
			productType = "com.apple.product-type.bundle.ui-testing";
		};
/* End PBXNativeTarget section */

/* Begin PBXProject section */
		309BEB8629B9AC46005C34E7 /* Project object */ = {
			isa = PBXProject;
			attributes = {
				BuildIndependentTargetsInParallel = 1;
				LastSwiftUpdateCheck = 1400;
				LastUpgradeCheck = 1400;
				TargetAttributes = {
					309BEB8D29B9AC46005C34E7 = {
						CreatedOnToolsVersion = 14.0.1;
					};
					309BEB9D29B9AC4B005C34E7 = {
						CreatedOnToolsVersion = 14.0.1;
						TestTargetID = 309BEB8D29B9AC46005C34E7;
					};
					309BEBA729B9AC4B005C34E7 = {
						CreatedOnToolsVersion = 14.0.1;
						TestTargetID = 309BEB8D29B9AC46005C34E7;
					};
				};
			};
			buildConfigurationList = 309BEB8929B9AC46005C34E7 /* Build configuration list for PBXProject "SwiftUIPlayground" */;
			compatibilityVersion = "Xcode 14.0";
			developmentRegion = en;
			hasScannedForEncodings = 0;
			knownRegions = (
				en,
				"zh-Hant",
				Base,
			);
			mainGroup = 309BEB8529B9AC46005C34E7;
			productRefGroup = 309BEB8F29B9AC46005C34E7 /* Products */;
			projectDirPath = "";
			projectRoot = "";
			targets = (
				309BEB8D29B9AC46005C34E7 /* SwiftUIPlayground */,
				309BEB9D29B9AC4B005C34E7 /* SwiftUIPlaygroundTests */,
				309BEBA729B9AC4B005C34E7 /* SwiftUIPlaygroundUITests */,
			);
		};
/* End PBXProject section */

/* Begin PBXResourcesBuildPhase section */
		309BEB8C29B9AC46005C34E7 /* Resources */ = {
			isa = PBXResourcesBuildPhase;
			buildActionMask = 2147483647;
			files = (
				87B02EEE2A5475AA0090F901 /* Localizable.strings in Resources */,
				309BEB9929B9AC4A005C34E7 /* Preview Assets.xcassets in Resources */,
				87FDA12929F833460016FB83 /* Nunito-Bold.ttf in Resources */,
				87FDA12A29F833460016FB83 /* Nunito-Regular.ttf in Resources */,
				309BEB9629B9AC4A005C34E7 /* Assets.xcassets in Resources */,
			);
			runOnlyForDeploymentPostprocessing = 0;
		};
		309BEB9C29B9AC4B005C34E7 /* Resources */ = {
			isa = PBXResourcesBuildPhase;
			buildActionMask = 2147483647;
			files = (
			);
			runOnlyForDeploymentPostprocessing = 0;
		};
		309BEBA629B9AC4B005C34E7 /* Resources */ = {
			isa = PBXResourcesBuildPhase;
			buildActionMask = 2147483647;
			files = (
			);
			runOnlyForDeploymentPostprocessing = 0;
		};
/* End PBXResourcesBuildPhase section */

/* Begin PBXSourcesBuildPhase section */
		309BEB8A29B9AC46005C34E7 /* Sources */ = {
			isa = PBXSourcesBuildPhase;
			buildActionMask = 2147483647;
			files = (
				30BE8CA429C8A90F00289E25 /* SampleListView.swift in Sources */,
				87505AD22A2F8DA300960A40 /* SafariView.swift in Sources */,
				307636B129C570DA00239DB0 /* ImpressViewWithAdapterLayout.swift in Sources */,
				878328962A2B21DA00F124DB /* TutorialPage.swift in Sources */,
				8796AD3C29D559C6008DF94F /* Restaurant.swift in Sources */,
				87D945592A15224500994186 /* FormTextField.swift in Sources */,
				309BEB9429B9AC46005C34E7 /* GuessMovieView.swift in Sources */,
				872C356B2A26536F00CAF386 /* RestaurantFormViewModel.swift in Sources */,
				871D0CC52A0BE14C00352159 /* ReviewView.swift in Sources */,
				875AF0B829FF52370056021D /* UIColorExt.swift in Sources */,
				873455C12A250DE600618042 /* FoodPin.xcdatamodeld in Sources */,
				87D945572A151BDE00994186 /* NewRestaurantView.swift in Sources */,
				87505ACF2A2F8AEA00960A40 /* WebView.swift in Sources */,
				876A74B029E5ABE200A46C8C /* RestaurantDetailView.swift in Sources */,
				8759980929E15DF9002949FB /* ActivityView.swift in Sources */,
				87505ACA2A2F647200960A40 /* AboutView.swift in Sources */,
				873455BA2A24FCEF00618042 /* PersistenceController.swift in Sources */,
				878328852A2B12D500F124DB /* MainView.swift in Sources */,
				878328932A2B21A400F124DB /* TutorialView.swift in Sources */,
				87505ACD2A2F68D500960A40 /* WeblLink.swift in Sources */,
				876702C22A015773004D8208 /* MapView.swift in Sources */,
				307F595F29CB4BAE00016F43 /* RestaurantListView.swift in Sources */,
				309BEB9229B9AC46005C34E7 /* SwiftUIPlaygroundApp.swift in Sources */,
				87D9455E2A152CCE00994186 /* ImagePicker.swift in Sources */,
				87D9455B2A152A2C00994186 /* PhotoSource.swift in Sources */,
				876702C42A01620C004D8208 /* AnnotatedItem.swift in Sources */,
			);
			runOnlyForDeploymentPostprocessing = 0;
		};
		309BEB9A29B9AC4B005C34E7 /* Sources */ = {
			isa = PBXSourcesBuildPhase;
			buildActionMask = 2147483647;
			files = (
				309BEBA329B9AC4B005C34E7 /* SwiftUIPlaygroundTests.swift in Sources */,
				873455C22A25111100618042 /* PersistenceController.swift in Sources */,
			);
			runOnlyForDeploymentPostprocessing = 0;
		};
		309BEBA429B9AC4B005C34E7 /* Sources */ = {
			isa = PBXSourcesBuildPhase;
			buildActionMask = 2147483647;
			files = (
				873455C32A25111200618042 /* PersistenceController.swift in Sources */,
				309BEBAD29B9AC4B005C34E7 /* SwiftUIPlaygroundUITests.swift in Sources */,
				309BEBAF29B9AC4B005C34E7 /* SwiftUIPlaygroundUITestsLaunchTests.swift in Sources */,
			);
			runOnlyForDeploymentPostprocessing = 0;
		};
/* End PBXSourcesBuildPhase section */

/* Begin PBXTargetDependency section */
		309BEBA029B9AC4B005C34E7 /* PBXTargetDependency */ = {
			isa = PBXTargetDependency;
			target = 309BEB8D29B9AC46005C34E7 /* SwiftUIPlayground */;
			targetProxy = 309BEB9F29B9AC4B005C34E7 /* PBXContainerItemProxy */;
		};
		309BEBAA29B9AC4B005C34E7 /* PBXTargetDependency */ = {
			isa = PBXTargetDependency;
			target = 309BEB8D29B9AC46005C34E7 /* SwiftUIPlayground */;
			targetProxy = 309BEBA929B9AC4B005C34E7 /* PBXContainerItemProxy */;
		};
/* End PBXTargetDependency section */

/* Begin PBXVariantGroup section */
		87B02EEC2A5475AA0090F901 /* Localizable.strings */ = {
			isa = PBXVariantGroup;
			children = (
				87B02EED2A5475AA0090F901 /* zh-Hant */,
			);
			name = Localizable.strings;
			sourceTree = "<group>";
		};
/* End PBXVariantGroup section */

/* Begin XCBuildConfiguration section */
		309BEBB029B9AC4B005C34E7 /* Debug */ = {
			isa = XCBuildConfiguration;
			buildSettings = {
				ALWAYS_SEARCH_USER_PATHS = NO;
				CLANG_ANALYZER_NONNULL = YES;
				CLANG_ANALYZER_NUMBER_OBJECT_CONVERSION = YES_AGGRESSIVE;
				CLANG_CXX_LANGUAGE_STANDARD = "gnu++20";
				CLANG_ENABLE_MODULES = YES;
				CLANG_ENABLE_OBJC_ARC = YES;
				CLANG_ENABLE_OBJC_WEAK = YES;
				CLANG_WARN_BLOCK_CAPTURE_AUTORELEASING = YES;
				CLANG_WARN_BOOL_CONVERSION = YES;
				CLANG_WARN_COMMA = YES;
				CLANG_WARN_CONSTANT_CONVERSION = YES;
				CLANG_WARN_DEPRECATED_OBJC_IMPLEMENTATIONS = YES;
				CLANG_WARN_DIRECT_OBJC_ISA_USAGE = YES_ERROR;
				CLANG_WARN_DOCUMENTATION_COMMENTS = YES;
				CLANG_WARN_EMPTY_BODY = YES;
				CLANG_WARN_ENUM_CONVERSION = YES;
				CLANG_WARN_INFINITE_RECURSION = YES;
				CLANG_WARN_INT_CONVERSION = YES;
				CLANG_WARN_NON_LITERAL_NULL_CONVERSION = YES;
				CLANG_WARN_OBJC_IMPLICIT_RETAIN_SELF = YES;
				CLANG_WARN_OBJC_LITERAL_CONVERSION = YES;
				CLANG_WARN_OBJC_ROOT_CLASS = YES_ERROR;
				CLANG_WARN_QUOTED_INCLUDE_IN_FRAMEWORK_HEADER = YES;
				CLANG_WARN_RANGE_LOOP_ANALYSIS = YES;
				CLANG_WARN_STRICT_PROTOTYPES = YES;
				CLANG_WARN_SUSPICIOUS_MOVE = YES;
				CLANG_WARN_UNGUARDED_AVAILABILITY = YES_AGGRESSIVE;
				CLANG_WARN_UNREACHABLE_CODE = YES;
				CLANG_WARN__DUPLICATE_METHOD_MATCH = YES;
				COPY_PHASE_STRIP = NO;
				DEBUG_INFORMATION_FORMAT = dwarf;
				ENABLE_STRICT_OBJC_MSGSEND = YES;
				ENABLE_TESTABILITY = YES;
				GCC_C_LANGUAGE_STANDARD = gnu11;
				GCC_DYNAMIC_NO_PIC = NO;
				GCC_NO_COMMON_BLOCKS = YES;
				GCC_OPTIMIZATION_LEVEL = 0;
				GCC_PREPROCESSOR_DEFINITIONS = (
					"DEBUG=1",
					"$(inherited)",
				);
				GCC_WARN_64_TO_32_BIT_CONVERSION = YES;
				GCC_WARN_ABOUT_RETURN_TYPE = YES_ERROR;
				GCC_WARN_UNDECLARED_SELECTOR = YES;
				GCC_WARN_UNINITIALIZED_AUTOS = YES_AGGRESSIVE;
				GCC_WARN_UNUSED_FUNCTION = YES;
				GCC_WARN_UNUSED_VARIABLE = YES;
				IPHONEOS_DEPLOYMENT_TARGET = 16.0;
				MTL_ENABLE_DEBUG_INFO = INCLUDE_SOURCE;
				MTL_FAST_MATH = YES;
				ONLY_ACTIVE_ARCH = YES;
				SDKROOT = iphoneos;
				SWIFT_ACTIVE_COMPILATION_CONDITIONS = DEBUG;
				SWIFT_OPTIMIZATION_LEVEL = "-Onone";
			};
			name = Debug;
		};
		309BEBB129B9AC4B005C34E7 /* Release */ = {
			isa = XCBuildConfiguration;
			buildSettings = {
				ALWAYS_SEARCH_USER_PATHS = NO;
				CLANG_ANALYZER_NONNULL = YES;
				CLANG_ANALYZER_NUMBER_OBJECT_CONVERSION = YES_AGGRESSIVE;
				CLANG_CXX_LANGUAGE_STANDARD = "gnu++20";
				CLANG_ENABLE_MODULES = YES;
				CLANG_ENABLE_OBJC_ARC = YES;
				CLANG_ENABLE_OBJC_WEAK = YES;
				CLANG_WARN_BLOCK_CAPTURE_AUTORELEASING = YES;
				CLANG_WARN_BOOL_CONVERSION = YES;
				CLANG_WARN_COMMA = YES;
				CLANG_WARN_CONSTANT_CONVERSION = YES;
				CLANG_WARN_DEPRECATED_OBJC_IMPLEMENTATIONS = YES;
				CLANG_WARN_DIRECT_OBJC_ISA_USAGE = YES_ERROR;
				CLANG_WARN_DOCUMENTATION_COMMENTS = YES;
				CLANG_WARN_EMPTY_BODY = YES;
				CLANG_WARN_ENUM_CONVERSION = YES;
				CLANG_WARN_INFINITE_RECURSION = YES;
				CLANG_WARN_INT_CONVERSION = YES;
				CLANG_WARN_NON_LITERAL_NULL_CONVERSION = YES;
				CLANG_WARN_OBJC_IMPLICIT_RETAIN_SELF = YES;
				CLANG_WARN_OBJC_LITERAL_CONVERSION = YES;
				CLANG_WARN_OBJC_ROOT_CLASS = YES_ERROR;
				CLANG_WARN_QUOTED_INCLUDE_IN_FRAMEWORK_HEADER = YES;
				CLANG_WARN_RANGE_LOOP_ANALYSIS = YES;
				CLANG_WARN_STRICT_PROTOTYPES = YES;
				CLANG_WARN_SUSPICIOUS_MOVE = YES;
				CLANG_WARN_UNGUARDED_AVAILABILITY = YES_AGGRESSIVE;
				CLANG_WARN_UNREACHABLE_CODE = YES;
				CLANG_WARN__DUPLICATE_METHOD_MATCH = YES;
				COPY_PHASE_STRIP = NO;
				DEBUG_INFORMATION_FORMAT = "dwarf-with-dsym";
				ENABLE_NS_ASSERTIONS = NO;
				ENABLE_STRICT_OBJC_MSGSEND = YES;
				GCC_C_LANGUAGE_STANDARD = gnu11;
				GCC_NO_COMMON_BLOCKS = YES;
				GCC_WARN_64_TO_32_BIT_CONVERSION = YES;
				GCC_WARN_ABOUT_RETURN_TYPE = YES_ERROR;
				GCC_WARN_UNDECLARED_SELECTOR = YES;
				GCC_WARN_UNINITIALIZED_AUTOS = YES_AGGRESSIVE;
				GCC_WARN_UNUSED_FUNCTION = YES;
				GCC_WARN_UNUSED_VARIABLE = YES;
				IPHONEOS_DEPLOYMENT_TARGET = 16.0;
				MTL_ENABLE_DEBUG_INFO = NO;
				MTL_FAST_MATH = YES;
				SDKROOT = iphoneos;
				SWIFT_COMPILATION_MODE = wholemodule;
				SWIFT_OPTIMIZATION_LEVEL = "-O";
				VALIDATE_PRODUCT = YES;
			};
			name = Release;
		};
		309BEBB329B9AC4B005C34E7 /* Debug */ = {
			isa = XCBuildConfiguration;
			buildSettings = {
				ASSETCATALOG_COMPILER_APPICON_NAME = AppIcon;
				ASSETCATALOG_COMPILER_GLOBAL_ACCENT_COLOR_NAME = AccentColor;
				CODE_SIGN_STYLE = Automatic;
				CURRENT_PROJECT_VERSION = 1;
				DEVELOPMENT_ASSET_PATHS = "\"SwiftUIPlayground/Preview Content\"";
				ENABLE_PREVIEWS = YES;
				GENERATE_INFOPLIST_FILE = YES;
				INFOPLIST_FILE = SwiftUIPlayground/Info.plist;
				INFOPLIST_KEY_NSCameraUsageDescription = "You need grant the app access to your camera in order to take photos";
				INFOPLIST_KEY_NSPhotoLibraryAddUsageDescription = "You need grant the app access to your photo library so you can pick your favorite restaurant photo.";
				INFOPLIST_KEY_UIApplicationSupportsIndirectInputEvents = YES;
				INFOPLIST_KEY_UISupportedInterfaceOrientations_iPad = "UIInterfaceOrientationPortrait UIInterfaceOrientationPortraitUpsideDown UIInterfaceOrientationLandscapeLeft UIInterfaceOrientationLandscapeRight";
				INFOPLIST_KEY_UISupportedInterfaceOrientations_iPhone = "UIInterfaceOrientationPortrait UIInterfaceOrientationLandscapeLeft UIInterfaceOrientationLandscapeRight";
				LD_RUNPATH_SEARCH_PATHS = (
					"$(inherited)",
					"@executable_path/Frameworks",
				);
				MARKETING_VERSION = 1.0;
				PRODUCT_BUNDLE_IDENTIFIER = fu.SwiftUIPlayground;
				PRODUCT_NAME = "$(TARGET_NAME)";
				SWIFT_EMIT_LOC_STRINGS = YES;
				SWIFT_VERSION = 5.0;
				TARGETED_DEVICE_FAMILY = "1,2";
			};
			name = Debug;
		};
		309BEBB429B9AC4B005C34E7 /* Release */ = {
			isa = XCBuildConfiguration;
			buildSettings = {
				ASSETCATALOG_COMPILER_APPICON_NAME = AppIcon;
				ASSETCATALOG_COMPILER_GLOBAL_ACCENT_COLOR_NAME = AccentColor;
				CODE_SIGN_STYLE = Automatic;
				CURRENT_PROJECT_VERSION = 1;
				DEVELOPMENT_ASSET_PATHS = "\"SwiftUIPlayground/Preview Content\"";
				ENABLE_PREVIEWS = YES;
				GENERATE_INFOPLIST_FILE = YES;
				INFOPLIST_FILE = SwiftUIPlayground/Info.plist;
				INFOPLIST_KEY_NSCameraUsageDescription = "You need grant the app access to your camera in order to take photos";
				INFOPLIST_KEY_NSPhotoLibraryAddUsageDescription = "You need grant the app access to your photo library so you can pick your favorite restaurant photo.";
				INFOPLIST_KEY_UIApplicationSupportsIndirectInputEvents = YES;
				INFOPLIST_KEY_UISupportedInterfaceOrientations_iPad = "UIInterfaceOrientationPortrait UIInterfaceOrientationPortraitUpsideDown UIInterfaceOrientationLandscapeLeft UIInterfaceOrientationLandscapeRight";
				INFOPLIST_KEY_UISupportedInterfaceOrientations_iPhone = "UIInterfaceOrientationPortrait UIInterfaceOrientationLandscapeLeft UIInterfaceOrientationLandscapeRight";
				LD_RUNPATH_SEARCH_PATHS = (
					"$(inherited)",
					"@executable_path/Frameworks",
				);
				MARKETING_VERSION = 1.0;
				PRODUCT_BUNDLE_IDENTIFIER = fu.SwiftUIPlayground;
				PRODUCT_NAME = "$(TARGET_NAME)";
				SWIFT_EMIT_LOC_STRINGS = YES;
				SWIFT_VERSION = 5.0;
				TARGETED_DEVICE_FAMILY = "1,2";
			};
			name = Release;
		};
		309BEBB629B9AC4B005C34E7 /* Debug */ = {
			isa = XCBuildConfiguration;
			buildSettings = {
				ALWAYS_EMBED_SWIFT_STANDARD_LIBRARIES = YES;
				BUNDLE_LOADER = "$(TEST_HOST)";
				CODE_SIGN_STYLE = Automatic;
				CURRENT_PROJECT_VERSION = 1;
				GENERATE_INFOPLIST_FILE = YES;
				IPHONEOS_DEPLOYMENT_TARGET = 16.0;
				MARKETING_VERSION = 1.0;
				PRODUCT_BUNDLE_IDENTIFIER = fu.SwiftUIPlaygroundTests;
				PRODUCT_NAME = "$(TARGET_NAME)";
				SWIFT_EMIT_LOC_STRINGS = NO;
				SWIFT_VERSION = 5.0;
				TARGETED_DEVICE_FAMILY = "1,2";
				TEST_HOST = "$(BUILT_PRODUCTS_DIR)/SwiftUIPlayground.app/$(BUNDLE_EXECUTABLE_FOLDER_PATH)/SwiftUIPlayground";
			};
			name = Debug;
		};
		309BEBB729B9AC4B005C34E7 /* Release */ = {
			isa = XCBuildConfiguration;
			buildSettings = {
				ALWAYS_EMBED_SWIFT_STANDARD_LIBRARIES = YES;
				BUNDLE_LOADER = "$(TEST_HOST)";
				CODE_SIGN_STYLE = Automatic;
				CURRENT_PROJECT_VERSION = 1;
				GENERATE_INFOPLIST_FILE = YES;
				IPHONEOS_DEPLOYMENT_TARGET = 16.0;
				MARKETING_VERSION = 1.0;
				PRODUCT_BUNDLE_IDENTIFIER = fu.SwiftUIPlaygroundTests;
				PRODUCT_NAME = "$(TARGET_NAME)";
				SWIFT_EMIT_LOC_STRINGS = NO;
				SWIFT_VERSION = 5.0;
				TARGETED_DEVICE_FAMILY = "1,2";
				TEST_HOST = "$(BUILT_PRODUCTS_DIR)/SwiftUIPlayground.app/$(BUNDLE_EXECUTABLE_FOLDER_PATH)/SwiftUIPlayground";
			};
			name = Release;
		};
		309BEBB929B9AC4B005C34E7 /* Debug */ = {
			isa = XCBuildConfiguration;
			buildSettings = {
				ALWAYS_EMBED_SWIFT_STANDARD_LIBRARIES = YES;
				CODE_SIGN_STYLE = Automatic;
				CURRENT_PROJECT_VERSION = 1;
				GENERATE_INFOPLIST_FILE = YES;
				MARKETING_VERSION = 1.0;
				PRODUCT_BUNDLE_IDENTIFIER = fu.SwiftUIPlaygroundUITests;
				PRODUCT_NAME = "$(TARGET_NAME)";
				SWIFT_EMIT_LOC_STRINGS = NO;
				SWIFT_VERSION = 5.0;
				TARGETED_DEVICE_FAMILY = "1,2";
				TEST_TARGET_NAME = SwiftUIPlayground;
			};
			name = Debug;
		};
		309BEBBA29B9AC4B005C34E7 /* Release */ = {
			isa = XCBuildConfiguration;
			buildSettings = {
				ALWAYS_EMBED_SWIFT_STANDARD_LIBRARIES = YES;
				CODE_SIGN_STYLE = Automatic;
				CURRENT_PROJECT_VERSION = 1;
				GENERATE_INFOPLIST_FILE = YES;
				MARKETING_VERSION = 1.0;
				PRODUCT_BUNDLE_IDENTIFIER = fu.SwiftUIPlaygroundUITests;
				PRODUCT_NAME = "$(TARGET_NAME)";
				SWIFT_EMIT_LOC_STRINGS = NO;
				SWIFT_VERSION = 5.0;
				TARGETED_DEVICE_FAMILY = "1,2";
				TEST_TARGET_NAME = SwiftUIPlayground;
			};
			name = Release;
		};
/* End XCBuildConfiguration section */

/* Begin XCConfigurationList section */
		309BEB8929B9AC46005C34E7 /* Build configuration list for PBXProject "SwiftUIPlayground" */ = {
			isa = XCConfigurationList;
			buildConfigurations = (
				309BEBB029B9AC4B005C34E7 /* Debug */,
				309BEBB129B9AC4B005C34E7 /* Release */,
			);
			defaultConfigurationIsVisible = 0;
			defaultConfigurationName = Release;
		};
		309BEBB229B9AC4B005C34E7 /* Build configuration list for PBXNativeTarget "SwiftUIPlayground" */ = {
			isa = XCConfigurationList;
			buildConfigurations = (
				309BEBB329B9AC4B005C34E7 /* Debug */,
				309BEBB429B9AC4B005C34E7 /* Release */,
			);
			defaultConfigurationIsVisible = 0;
			defaultConfigurationName = Release;
		};
		309BEBB529B9AC4B005C34E7 /* Build configuration list for PBXNativeTarget "SwiftUIPlaygroundTests" */ = {
			isa = XCConfigurationList;
			buildConfigurations = (
				309BEBB629B9AC4B005C34E7 /* Debug */,
				309BEBB729B9AC4B005C34E7 /* Release */,
			);
			defaultConfigurationIsVisible = 0;
			defaultConfigurationName = Release;
		};
		309BEBB829B9AC4B005C34E7 /* Build configuration list for PBXNativeTarget "SwiftUIPlaygroundUITests" */ = {
			isa = XCConfigurationList;
			buildConfigurations = (
				309BEBB929B9AC4B005C34E7 /* Debug */,
				309BEBBA29B9AC4B005C34E7 /* Release */,
			);
			defaultConfigurationIsVisible = 0;
			defaultConfigurationName = Release;
		};
/* End XCConfigurationList section */

/* Begin XCVersionGroup section */
		873455BF2A250DE600618042 /* FoodPin.xcdatamodeld */ = {
			isa = XCVersionGroup;
			children = (
				873455C02A250DE600618042 /* FoodPin.xcdatamodel */,
			);
			currentVersion = 873455C02A250DE600618042 /* FoodPin.xcdatamodel */;
			path = FoodPin.xcdatamodeld;
			sourceTree = "<group>";
			versionGroupType = wrapper.xcdatamodel;
		};
/* End XCVersionGroup section */
	};
	rootObject = 309BEB8629B9AC46005C34E7 /* Project object */;
}
